{
  "version": 4,
  "terraform_version": "1.4.6",
  "serial": 494,
  "lineage": "c6188214-2a27-343f-6a12-b807e922ebcd",
  "outputs": {},
  "resources": [
    {
      "module": "module.gcp_api",
      "mode": "managed",
      "type": "google_project_service",
      "name": "cloud_resourcemanager",
      "provider": "provider[\"registry.terraform.io/hashicorp/google\"]",
      "instances": [
        {
          "schema_version": 0,
          "attributes": {
            "disable_dependent_services": false,
            "disable_on_destroy": false,
            "id": "solis-406601/cloudresourcemanager.googleapis.com",
            "project": "solis-406601",
            "service": "cloudresourcemanager.googleapis.com",
            "timeouts": null
          },
          "sensitive_attributes": [],
          "private": "eyJlMmJmYjczMC1lY2FhLTExZTYtOGY4OC0zNDM2M2JjN2M0YzAiOnsiY3JlYXRlIjoxMjAwMDAwMDAwMDAwLCJkZWxldGUiOjEyMDAwMDAwMDAwMDAsInJlYWQiOjYwMDAwMDAwMDAwMCwidXBkYXRlIjoxMjAwMDAwMDAwMDAwfX0="
        }
      ]
    },
    {
      "module": "module.gcp_api",
      "mode": "managed",
      "type": "google_project_service",
      "name": "compute",
      "provider": "provider[\"registry.terraform.io/hashicorp/google\"]",
      "instances": [
        {
          "schema_version": 0,
          "attributes": {
            "disable_dependent_services": false,
            "disable_on_destroy": false,
            "id": "solis-406601/compute.googleapis.com",
            "project": "solis-406601",
            "service": "compute.googleapis.com",
            "timeouts": null
          },
          "sensitive_attributes": [],
          "private": "eyJlMmJmYjczMC1lY2FhLTExZTYtOGY4OC0zNDM2M2JjN2M0YzAiOnsiY3JlYXRlIjoxMjAwMDAwMDAwMDAwLCJkZWxldGUiOjEyMDAwMDAwMDAwMDAsInJlYWQiOjYwMDAwMDAwMDAwMCwidXBkYXRlIjoxMjAwMDAwMDAwMDAwfX0="
        }
      ]
    },
    {
      "module": "module.gcp_api",
      "mode": "managed",
      "type": "google_project_service",
      "name": "sqladmin",
      "provider": "provider[\"registry.terraform.io/hashicorp/google\"]",
      "instances": [
        {
          "schema_version": 0,
          "attributes": {
            "disable_dependent_services": false,
            "disable_on_destroy": false,
            "id": "solis-406601/sqladmin.googleapis.com",
            "project": "solis-406601",
            "service": "sqladmin.googleapis.com",
            "timeouts": null
          },
          "sensitive_attributes": [],
          "private": "eyJlMmJmYjczMC1lY2FhLTExZTYtOGY4OC0zNDM2M2JjN2M0YzAiOnsiY3JlYXRlIjoxMjAwMDAwMDAwMDAwLCJkZWxldGUiOjEyMDAwMDAwMDAwMDAsInJlYWQiOjYwMDAwMDAwMDAwMCwidXBkYXRlIjoxMjAwMDAwMDAwMDAwfX0="
        }
      ]
    },
    {
      "module": "module.gcp_api",
      "mode": "managed",
      "type": "google_project_service",
      "name": "storage",
      "provider": "provider[\"registry.terraform.io/hashicorp/google\"]",
      "instances": [
        {
          "schema_version": 0,
          "attributes": {
            "disable_dependent_services": false,
            "disable_on_destroy": false,
            "id": "solis-406601/storage.googleapis.com",
            "project": "solis-406601",
            "service": "storage.googleapis.com",
            "timeouts": null
          },
          "sensitive_attributes": [],
          "private": "eyJlMmJmYjczMC1lY2FhLTExZTYtOGY4OC0zNDM2M2JjN2M0YzAiOnsiY3JlYXRlIjoxMjAwMDAwMDAwMDAwLCJkZWxldGUiOjEyMDAwMDAwMDAwMDAsInJlYWQiOjYwMDAwMDAwMDAwMCwidXBkYXRlIjoxMjAwMDAwMDAwMDAwfX0="
        }
      ]
    },
    {
      "module": "module.gcp_cloud_storage",
      "mode": "managed",
      "type": "google_storage_bucket",
      "name": "static-site",
      "provider": "provider[\"registry.terraform.io/hashicorp/google\"]",
      "instances": [
        {
          "schema_version": 1,
          "attributes": {
            "autoclass": [],
            "cors": [],
            "custom_placement_config": [],
            "default_event_based_hold": false,
            "effective_labels": {},
            "enable_object_retention": false,
            "encryption": [],
            "force_destroy": true,
            "id": "moin-test-bucket",
            "labels": {},
            "lifecycle_rule": [],
            "location": "US",
            "logging": [],
            "name": "moin-test-bucket",
            "project": "solis-406601",
            "public_access_prevention": "inherited",
            "requester_pays": false,
            "retention_policy": [],
            "self_link": "https://www.googleapis.com/storage/v1/b/moin-test-bucket",
            "storage_class": "MULTI_REGIONAL",
            "terraform_labels": {},
            "timeouts": null,
            "uniform_bucket_level_access": false,
            "url": "gs://moin-test-bucket",
            "versioning": [],
            "website": []
          },
          "sensitive_attributes": [],
          "private": "eyJlMmJmYjczMC1lY2FhLTExZTYtOGY4OC0zNDM2M2JjN2M0YzAiOnsiY3JlYXRlIjo2MDAwMDAwMDAwMDAsInJlYWQiOjI0MDAwMDAwMDAwMCwidXBkYXRlIjoyNDAwMDAwMDAwMDB9LCJzY2hlbWFfdmVyc2lvbiI6IjEifQ==",
          "dependencies": [
            "module.gcp_api.google_project_service.cloud_resourcemanager",
            "module.gcp_api.google_project_service.storage"
          ]
        }
      ]
    },
    {
      "module": "module.gcp_network",
      "mode": "managed",
      "type": "google_compute_firewall",
      "name": "firewall",
      "provider": "provider[\"registry.terraform.io/hashicorp/google\"]",
      "instances": [
        {
          "schema_version": 1,
          "attributes": {
            "allow": [
              {
                "ports": [
                  "80",
                  "443"
                ],
                "protocol": "tcp"
              }
            ],
            "creation_timestamp": "2023-11-30T04:13:48.568-08:00",
            "deny": [],
            "description": "Network firewall for solis",
            "destination_ranges": [],
            "direction": "INGRESS",
            "disabled": false,
            "enable_logging": null,
            "id": "projects/solis-406601/global/firewalls/solis-web-firewall",
            "log_config": [],
            "name": "solis-web-firewall",
            "network": "https://www.googleapis.com/compute/v1/projects/solis-406601/global/networks/solis-vpc",
            "priority": 1000,
            "project": "solis-406601",
            "self_link": "https://www.googleapis.com/compute/v1/projects/solis-406601/global/firewalls/solis-web-firewall",
            "source_ranges": [
              "0.0.0.0/0"
            ],
            "source_service_accounts": [],
            "source_tags": [],
            "target_service_accounts": [],
            "target_tags": [
              "web"
            ],
            "timeouts": null
          },
          "sensitive_attributes": [],
          "private": "eyJlMmJmYjczMC1lY2FhLTExZTYtOGY4OC0zNDM2M2JjN2M0YzAiOnsiY3JlYXRlIjoxMjAwMDAwMDAwMDAwLCJkZWxldGUiOjEyMDAwMDAwMDAwMDAsInVwZGF0ZSI6MTIwMDAwMDAwMDAwMH0sInNjaGVtYV92ZXJzaW9uIjoiMSJ9",
          "dependencies": [
            "module.gcp_network.google_compute_network.vpc_network"
          ]
        }
      ]
    },
    {
      "module": "module.gcp_network",
      "mode": "managed",
      "type": "google_compute_network",
      "name": "vpc_network",
      "provider": "provider[\"registry.terraform.io/hashicorp/google\"]",
      "instances": [
        {
          "schema_version": 0,
          "attributes": {
            "auto_create_subnetworks": false,
            "delete_default_routes_on_create": false,
            "description": "vpc for solis",
            "enable_ula_internal_ipv6": false,
            "gateway_ipv4": "",
            "id": "projects/solis-406601/global/networks/solis-vpc",
            "internal_ipv6_range": "",
            "mtu": 0,
            "name": "solis-vpc",
            "network_firewall_policy_enforcement_order": "AFTER_CLASSIC_FIREWALL",
            "project": "solis-406601",
            "routing_mode": "REGIONAL",
            "self_link": "https://www.googleapis.com/compute/v1/projects/solis-406601/global/networks/solis-vpc",
            "timeouts": null
          },
          "sensitive_attributes": [],
          "private": "eyJlMmJmYjczMC1lY2FhLTExZTYtOGY4OC0zNDM2M2JjN2M0YzAiOnsiY3JlYXRlIjoxMjAwMDAwMDAwMDAwLCJkZWxldGUiOjEyMDAwMDAwMDAwMDAsInVwZGF0ZSI6MTIwMDAwMDAwMDAwMH19"
        }
      ]
    },
    {
      "module": "module.gcp_network",
      "mode": "managed",
      "type": "google_compute_router",
      "name": "router",
      "provider": "provider[\"registry.terraform.io/hashicorp/google\"]",
      "instances": [
        {
          "schema_version": 0,
          "attributes": {
            "bgp": [],
            "creation_timestamp": "2023-11-30T04:14:06.147-08:00",
            "description": "router for solis",
            "encrypted_interconnect_router": false,
            "id": "projects/solis-406601/regions/us-central1/routers/solis-router",
            "name": "solis-router",
            "network": "https://www.googleapis.com/compute/v1/projects/solis-406601/global/networks/solis-vpc",
            "project": "solis-406601",
            "region": "us-central1",
            "self_link": "https://www.googleapis.com/compute/v1/projects/solis-406601/regions/us-central1/routers/solis-router",
            "timeouts": null
          },
          "sensitive_attributes": [],
          "private": "eyJlMmJmYjczMC1lY2FhLTExZTYtOGY4OC0zNDM2M2JjN2M0YzAiOnsiY3JlYXRlIjoxMjAwMDAwMDAwMDAwLCJkZWxldGUiOjEyMDAwMDAwMDAwMDAsInVwZGF0ZSI6MTIwMDAwMDAwMDAwMH19",
          "dependencies": [
            "module.gcp_api.google_project_service.cloud_resourcemanager",
            "module.gcp_api.google_project_service.compute",
            "module.gcp_network.google_compute_network.vpc_network",
            "module.gcp_network.google_compute_subnetwork.vpc_private_subnet"
          ]
        }
      ]
    },
    {
      "module": "module.gcp_network",
      "mode": "managed",
      "type": "google_compute_router_nat",
      "name": "router_nat",
      "provider": "provider[\"registry.terraform.io/hashicorp/google\"]",
      "instances": [
        {
          "schema_version": 0,
          "attributes": {
            "drain_nat_ips": [],
            "enable_dynamic_port_allocation": false,
            "enable_endpoint_independent_mapping": false,
            "icmp_idle_timeout_sec": 30,
            "id": "solis-406601/us-central1/solis-router/solis-router-nat",
            "log_config": [],
            "max_ports_per_vm": 0,
            "min_ports_per_vm": 0,
            "name": "solis-router-nat",
            "nat_ip_allocate_option": "AUTO_ONLY",
            "nat_ips": [],
            "project": "solis-406601",
            "region": "us-central1",
            "router": "solis-router",
            "rules": [],
            "source_subnetwork_ip_ranges_to_nat": "LIST_OF_SUBNETWORKS",
            "subnetwork": [
              {
                "name": "https://www.googleapis.com/compute/v1/projects/solis-406601/regions/us-central1/subnetworks/solis-private-subnet",
                "secondary_ip_range_names": [],
                "source_ip_ranges_to_nat": [
                  "ALL_IP_RANGES"
                ]
              }
            ],
            "tcp_established_idle_timeout_sec": 1200,
            "tcp_time_wait_timeout_sec": 120,
            "tcp_transitory_idle_timeout_sec": 30,
            "timeouts": null,
            "udp_idle_timeout_sec": 30
          },
          "sensitive_attributes": [],
          "private": "eyJlMmJmYjczMC1lY2FhLTExZTYtOGY4OC0zNDM2M2JjN2M0YzAiOnsiY3JlYXRlIjoxMjAwMDAwMDAwMDAwLCJkZWxldGUiOjEyMDAwMDAwMDAwMDAsInVwZGF0ZSI6MTIwMDAwMDAwMDAwMH19",
          "dependencies": [
            "module.gcp_api.google_project_service.cloud_resourcemanager",
            "module.gcp_api.google_project_service.compute",
            "module.gcp_network.google_compute_network.vpc_network",
            "module.gcp_network.google_compute_router.router",
            "module.gcp_network.google_compute_subnetwork.vpc_private_subnet"
          ]
        }
      ]
    },
    {
      "module": "module.gcp_network",
      "mode": "managed",
      "type": "google_compute_subnetwork",
      "name": "vpc_private_subnet",
      "provider": "provider[\"registry.terraform.io/hashicorp/google\"]",
      "instances": [
        {
          "schema_version": 0,
          "attributes": {
            "creation_timestamp": "2023-11-30T04:13:50.791-08:00",
            "description": "private subnet for solis",
            "external_ipv6_prefix": "",
            "fingerprint": null,
            "gateway_address": "10.0.0.1",
            "id": "projects/solis-406601/regions/us-central1/subnetworks/solis-private-subnet",
            "internal_ipv6_prefix": "",
            "ip_cidr_range": "10.0.0.0/20",
            "ipv6_access_type": "",
            "ipv6_cidr_range": "",
            "log_config": [],
            "name": "solis-private-subnet",
            "network": "https://www.googleapis.com/compute/v1/projects/solis-406601/global/networks/solis-vpc",
            "private_ip_google_access": false,
            "private_ipv6_google_access": "DISABLE_GOOGLE_ACCESS",
            "project": "solis-406601",
            "purpose": "PRIVATE",
            "region": "us-central1",
            "role": "",
            "secondary_ip_range": [],
            "self_link": "https://www.googleapis.com/compute/v1/projects/solis-406601/regions/us-central1/subnetworks/solis-private-subnet",
            "stack_type": "IPV4_ONLY",
            "timeouts": null
          },
          "sensitive_attributes": [],
          "private": "eyJlMmJmYjczMC1lY2FhLTExZTYtOGY4OC0zNDM2M2JjN2M0YzAiOnsiY3JlYXRlIjoxMjAwMDAwMDAwMDAwLCJkZWxldGUiOjEyMDAwMDAwMDAwMDAsInVwZGF0ZSI6MTIwMDAwMDAwMDAwMH19",
          "dependencies": [
            "module.gcp_api.google_project_service.cloud_resourcemanager",
            "module.gcp_api.google_project_service.compute",
            "module.gcp_network.google_compute_network.vpc_network"
          ]
        }
      ]
    },
    {
      "module": "module.gcp_network",
      "mode": "managed",
      "type": "google_compute_subnetwork",
      "name": "vpc_public_subnet",
      "provider": "provider[\"registry.terraform.io/hashicorp/google\"]",
      "instances": [
        {
          "schema_version": 0,
          "attributes": {
            "creation_timestamp": "2023-11-30T04:13:50.068-08:00",
            "description": "public subnet for solis",
            "external_ipv6_prefix": "",
            "fingerprint": null,
            "gateway_address": "10.0.16.1",
            "id": "projects/solis-406601/regions/us-central1/subnetworks/solis-public-subnet",
            "internal_ipv6_prefix": "",
            "ip_cidr_range": "10.0.16.0/20",
            "ipv6_access_type": "",
            "ipv6_cidr_range": "",
            "log_config": [],
            "name": "solis-public-subnet",
            "network": "https://www.googleapis.com/compute/v1/projects/solis-406601/global/networks/solis-vpc",
            "private_ip_google_access": false,
            "private_ipv6_google_access": "DISABLE_GOOGLE_ACCESS",
            "project": "solis-406601",
            "purpose": "PRIVATE",
            "region": "us-central1",
            "role": "",
            "secondary_ip_range": [],
            "self_link": "https://www.googleapis.com/compute/v1/projects/solis-406601/regions/us-central1/subnetworks/solis-public-subnet",
            "stack_type": "IPV4_ONLY",
            "timeouts": null
          },
          "sensitive_attributes": [],
          "private": "eyJlMmJmYjczMC1lY2FhLTExZTYtOGY4OC0zNDM2M2JjN2M0YzAiOnsiY3JlYXRlIjoxMjAwMDAwMDAwMDAwLCJkZWxldGUiOjEyMDAwMDAwMDAwMDAsInVwZGF0ZSI6MTIwMDAwMDAwMDAwMH19",
          "dependencies": [
            "module.gcp_api.google_project_service.cloud_resourcemanager",
            "module.gcp_api.google_project_service.compute",
            "module.gcp_network.google_compute_network.vpc_network"
          ]
        }
      ]
    },
    {
      "module": "module.gcp_sql_db",
      "mode": "managed",
      "type": "google_sql_database_instance",
      "name": "postgres",
      "provider": "provider[\"registry.terraform.io/hashicorp/google\"]",
      "instances": [
        {
          "schema_version": 0,
          "attributes": {
            "available_maintenance_versions": [],
            "clone": [],
            "connection_name": "solis-406601:us-central1:solis-postgres-instance",
            "database_version": "POSTGRES_15",
            "deletion_protection": false,
            "dns_name": "",
            "encryption_key_name": null,
            "first_ip_address": "34.28.21.3",
            "id": "solis-postgres-instance",
            "instance_type": "CLOUD_SQL_INSTANCE",
            "ip_address": [
              {
                "ip_address": "34.28.21.3",
                "time_to_retire": "",
                "type": "PRIMARY"
              },
              {
                "ip_address": "104.155.132.100",
                "time_to_retire": "",
                "type": "OUTGOING"
              }
            ],
            "maintenance_version": "POSTGRES_15_4.R20230830.01_04",
            "master_instance_name": "",
            "name": "solis-postgres-instance",
            "private_ip_address": "",
            "project": "solis-406601",
            "psc_service_attachment_link": "",
            "public_ip_address": "34.28.21.3",
            "region": "us-central1",
            "replica_configuration": [],
            "restore_backup_context": [],
            "root_password": null,
            "self_link": "https://sqladmin.googleapis.com/sql/v1beta4/projects/solis-406601/instances/solis-postgres-instance",
            "server_ca_cert": [
              {
                "cert": "-----BEGIN CERTIFICATE-----\nMIIDfzCCAmegAwIBAgIBADANBgkqhkiG9w0BAQsFADB3MS0wKwYDVQQuEyQxYWRk\nNDU4MS0yYmEzLTRhNjEtODdkYS00OGJkYjM5Y2RiMTQxIzAhBgNVBAMTGkdvb2ds\nZSBDbG91ZCBTUUwgU2VydmVyIENBMRQwEgYDVQQKEwtHb29nbGUsIEluYzELMAkG\nA1UEBhMCVVMwHhcNMjMxMTMwMTE1ODM5WhcNMzMxMTI3MTE1OTM5WjB3MS0wKwYD\nVQQuEyQxYWRkNDU4MS0yYmEzLTRhNjEtODdkYS00OGJkYjM5Y2RiMTQxIzAhBgNV\nBAMTGkdvb2dsZSBDbG91ZCBTUUwgU2VydmVyIENBMRQwEgYDVQQKEwtHb29nbGUs\nIEluYzELMAkGA1UEBhMCVVMwggEiMA0GCSqGSIb3DQEBAQUAA4IBDwAwggEKAoIB\nAQDA5Q9ZJSrWqDd7XKNoLEd6T8pfpeo/BXjPHDSogBUcrXrXICpNkj13iZO9B721\nNx8rYW4J0MgFts6kkYyO3b8hX0vG4ZTMkZE+WZXXHKb6Bhi/APp/YOdY3NSZ9zlG\niaFLhflMtZMO3SPgUQy3VBK+t6GZobWqubGNrsMT3HGj0Y8RRceHSDKllpaY669L\nRF7+RJ+vcP39qZ/HrS0wM1BIdu4uWtEd2xjJAGPm7scUPXVofCKvKgrDzgwdcO8P\n+d2D8tbfo9noCBu1w+SODsHp7f1ZHS7sTv+KZYeB3PiQQSvfQdlBguKQsHY+QiHi\nnLSU3/JXyS1PkmGGINTgVJFnAgMBAAGjFjAUMBIGA1UdEwEB/wQIMAYBAf8CAQAw\nDQYJKoZIhvcNAQELBQADggEBADHnmcVPSWrgcC1AUVLGjRdOQDgTrzJwaWnACRva\nIDMgwp5+LguY4wh1C65xZKo+F0Nh0r6zVcVO7j/81L0yghvol2kmrK37VjRSj2tK\nuOwdBhegFB484G6+j3hdbDi5+ekSOTmd6y0WI8ng8JGNrDcQ6gXnL9b1fPSyqtQf\nI6eoDVmVjkSUqAQ3MoTbE5cHDDmi8Eo1Yk6QgT3FAuVkA41s/1Kd1iwGSFFxeMfV\ngxxwu9glbV0fa2vWOWuXMnQrrxXLKUxBkAVWKZUFauUoEyK9AG22uufEloAgvY06\n0L7G+CXcOKbaOLxyUEkh7JazVYWiF3Laib3s6oWO//LVQiw=\n-----END CERTIFICATE-----",
                "common_name": "C=US,O=Google\\, Inc,CN=Google Cloud SQL Server CA,dnQualifier=1add4581-2ba3-4a61-87da-48bdb39cdb14",
                "create_time": "2023-11-30T11:58:39.220Z",
                "expiration_time": "2033-11-27T11:59:39.220Z",
                "sha1_fingerprint": "dc6859fac4afc21af1eaa8db9065575b8fb3ee82"
              }
            ],
            "service_account_email_address": "p660178827136-kwidu6@gcp-sa-cloud-sql.iam.gserviceaccount.com",
            "settings": [
              {
                "activation_policy": "ALWAYS",
                "active_directory_config": [],
                "advanced_machine_features": [],
                "availability_type": "ZONAL",
                "backup_configuration": [
                  {
                    "backup_retention_settings": [
                      {
                        "retained_backups": 7,
                        "retention_unit": "COUNT"
                      }
                    ],
                    "binary_log_enabled": false,
                    "enabled": false,
                    "location": "",
                    "point_in_time_recovery_enabled": false,
                    "start_time": "13:00",
                    "transaction_log_retention_days": 7
                  }
                ],
                "collation": "",
                "connector_enforcement": "NOT_REQUIRED",
                "data_cache_config": [],
                "database_flags": [],
                "deletion_protection_enabled": false,
                "deny_maintenance_period": [],
                "disk_autoresize": true,
                "disk_autoresize_limit": 0,
                "disk_size": 10,
                "disk_type": "PD_SSD",
                "edition": "ENTERPRISE",
                "insights_config": [],
                "ip_configuration": [
                  {
                    "allocated_ip_range": "",
                    "authorized_networks": [],
                    "enable_private_path_for_google_cloud_services": false,
                    "ipv4_enabled": true,
                    "private_network": "",
                    "psc_config": [],
                    "require_ssl": false,
                    "ssl_mode": ""
                  }
                ],
                "location_preference": [
                  {
                    "follow_gae_application": "",
                    "secondary_zone": "",
                    "zone": "us-central1-f"
                  }
                ],
                "maintenance_window": [],
                "password_validation_policy": [],
                "pricing_plan": "PER_USE",
                "sql_server_audit_config": [],
                "tier": "db-f1-micro",
                "time_zone": "",
                "user_labels": {},
                "version": 2
              }
            ],
            "timeouts": null
          },
          "sensitive_attributes": [],
          "private": "eyJlMmJmYjczMC1lY2FhLTExZTYtOGY4OC0zNDM2M2JjN2M0YzAiOnsiY3JlYXRlIjoyNDAwMDAwMDAwMDAwLCJkZWxldGUiOjE4MDAwMDAwMDAwMDAsInVwZGF0ZSI6MTgwMDAwMDAwMDAwMH19",
          "dependencies": [
            "module.gcp_api.google_project_service.cloud_resourcemanager",
            "module.gcp_api.google_project_service.storage"
          ]
        }
      ]
    },
    {
      "module": "module.gcp_sql_db",
      "mode": "managed",
      "type": "google_sql_user",
      "name": "sql_user",
      "provider": "provider[\"registry.terraform.io/hashicorp/google\"]",
      "instances": [
        {
          "schema_version": 1,
          "attributes": {
            "deletion_policy": null,
            "host": "",
            "id": "solis//solis-postgres-instance",
            "instance": "solis-postgres-instance",
            "name": "solis",
            "password": ")j+Bn}y]5qUv2rT6",
            "password_policy": [],
            "project": "solis-406601",
            "sql_server_user_details": [],
            "timeouts": null,
            "type": ""
          },
          "sensitive_attributes": [
            [
              {
                "type": "get_attr",
                "value": "password"
              }
            ]
          ],
          "private": "eyJlMmJmYjczMC1lY2FhLTExZTYtOGY4OC0zNDM2M2JjN2M0YzAiOnsiY3JlYXRlIjo2MDAwMDAwMDAwMDAsImRlbGV0ZSI6NjAwMDAwMDAwMDAwLCJ1cGRhdGUiOjYwMDAwMDAwMDAwMH0sInNjaGVtYV92ZXJzaW9uIjoiMSJ9",
          "dependencies": [
            "module.gcp_api.google_project_service.cloud_resourcemanager",
            "module.gcp_api.google_project_service.storage",
            "module.gcp_sql_db.google_sql_database_instance.postgres",
            "module.gcp_sql_db.random_password.password"
          ]
        }
      ]
    },
    {
      "module": "module.gcp_sql_db",
      "mode": "managed",
      "type": "random_password",
      "name": "password",
      "provider": "provider[\"registry.terraform.io/hashicorp/random\"]",
      "instances": [
        {
          "schema_version": 3,
          "attributes": {
            "bcrypt_hash": "$2a$10$i8WgWFrmn5kUXFxRErWoL.2pOFk7QsaJVBitT3AfrabhZ3hrrq4bi",
            "id": "none",
            "keepers": null,
            "length": 16,
            "lower": true,
            "min_lower": 0,
            "min_numeric": 0,
            "min_special": 0,
            "min_upper": 0,
            "number": true,
            "numeric": true,
            "override_special": "!#$%\u0026*()-_=+[]{}\u003c\u003e:?",
            "result": ")j+Bn}y]5qUv2rT6",
            "special": true,
            "upper": true
          },
          "sensitive_attributes": []
        }
      ]
    },
    {
      "module": "module.gcp_vm",
      "mode": "managed",
      "type": "google_compute_instance",
      "name": "web_compute_instance",
      "provider": "provider[\"registry.terraform.io/hashicorp/google\"]",
      "instances": [
        {
          "schema_version": 6,
          "attributes": {
            "advanced_machine_features": [],
            "allow_stopping_for_update": null,
            "attached_disk": [],
            "boot_disk": [
              {
                "auto_delete": true,
                "device_name": "persistent-disk-0",
                "disk_encryption_key_raw": "",
                "disk_encryption_key_sha256": "",
                "initialize_params": [
                  {
                    "image": "https://www.googleapis.com/compute/v1/projects/debian-cloud/global/images/debian-12-bookworm-v20231115",
                    "labels": {
                      "my_label": "web"
                    },
                    "resource_manager_tags": {},
                    "size": 10,
                    "type": "pd-standard"
                  }
                ],
                "kms_key_self_link": "",
                "mode": "READ_WRITE",
                "source": "https://www.googleapis.com/compute/v1/projects/solis-406601/zones/us-central1-c/disks/solis-web"
              }
            ],
            "can_ip_forward": false,
            "confidential_instance_config": [],
            "cpu_platform": "AMD Rome",
            "current_status": "RUNNING",
            "deletion_protection": false,
            "description": "",
            "desired_status": null,
            "effective_labels": {},
            "enable_display": false,
            "guest_accelerator": [],
            "hostname": "",
            "id": "projects/solis-406601/zones/us-central1-c/instances/solis-web",
            "instance_id": "3335155933717578337",
            "label_fingerprint": "42WmSpB8rSM=",
            "labels": {},
            "machine_type": "e2-medium",
            "metadata": {},
            "metadata_fingerprint": "Hb72Z-NiM68=",
            "metadata_startup_script": "                    #!/bin/bash\n                    sudo apt-get -y update \u0026\u0026 sudo apt-get -y install nginx\n                    sudo systemctl start nginx\n",
            "min_cpu_platform": "",
            "name": "solis-web",
            "network_interface": [
              {
                "access_config": [
                  {
                    "nat_ip": "34.170.167.42",
                    "network_tier": "PREMIUM",
                    "public_ptr_domain_name": ""
                  }
                ],
                "alias_ip_range": [],
                "internal_ipv6_prefix_length": 0,
                "ipv6_access_config": [],
                "ipv6_access_type": "",
                "ipv6_address": "",
                "name": "nic0",
                "network": "https://www.googleapis.com/compute/v1/projects/solis-406601/global/networks/solis-vpc",
                "network_ip": "10.0.16.2",
                "nic_type": "",
                "queue_count": 0,
                "stack_type": "IPV4_ONLY",
                "subnetwork": "https://www.googleapis.com/compute/v1/projects/solis-406601/regions/us-central1/subnetworks/solis-public-subnet",
                "subnetwork_project": "solis-406601"
              }
            ],
            "network_performance_config": [],
            "params": [],
            "project": "solis-406601",
            "reservation_affinity": [],
            "resource_policies": [],
            "scheduling": [
              {
                "automatic_restart": true,
                "instance_termination_action": "",
                "local_ssd_recovery_timeout": [],
                "min_node_cpus": 0,
                "node_affinities": [],
                "on_host_maintenance": "MIGRATE",
                "preemptible": false,
                "provisioning_model": "STANDARD"
              }
            ],
            "scratch_disk": [],
            "self_link": "https://www.googleapis.com/compute/v1/projects/solis-406601/zones/us-central1-c/instances/solis-web",
            "service_account": [],
            "shielded_instance_config": [
              {
                "enable_integrity_monitoring": true,
                "enable_secure_boot": false,
                "enable_vtpm": true
              }
            ],
            "tags": [
              "web"
            ],
            "tags_fingerprint": "3d9fNIIa_10=",
            "terraform_labels": {},
            "timeouts": null,
            "zone": "us-central1-c"
          },
          "sensitive_attributes": [],
          "private": "eyJlMmJmYjczMC1lY2FhLTExZTYtOGY4OC0zNDM2M2JjN2M0YzAiOnsiY3JlYXRlIjoxMjAwMDAwMDAwMDAwLCJkZWxldGUiOjEyMDAwMDAwMDAwMDAsInVwZGF0ZSI6MTIwMDAwMDAwMDAwMH0sInNjaGVtYV92ZXJzaW9uIjoiNiJ9",
          "dependencies": [
            "module.gcp_api.google_project_service.cloud_resourcemanager",
            "module.gcp_api.google_project_service.compute",
            "module.gcp_network.google_compute_network.vpc_network",
            "module.gcp_network.google_compute_subnetwork.vpc_public_subnet"
          ]
        }
      ]
    }
  ],
  "check_results": null
}
